<?xml version="1.0" encoding="utf-8"?>
<Project ToolsVersion="4.0" xmlns="http://schemas.microsoft.com/developer/msbuild/2003">
  <ItemGroup>
    <Filter Include="Source Files">
      <UniqueIdentifier>{4FC737F1-C7A5-4376-A066-2A32D752A2FF}</UniqueIdentifier>
      <Extensions>cpp;c;cc;cxx;c++;cppm;ixx;def;odl;idl;hpj;bat;asm;asmx</Extensions>
    </Filter>
    <Filter Include="Header Files">
      <UniqueIdentifier>{93995380-89BD-4b04-88EB-625FBE52EBFB}</UniqueIdentifier>
      <Extensions>h;hh;hpp;hxx;h++;hm;inl;inc;ipp;xsd</Extensions>
    </Filter>
    <Filter Include="Resource Files">
      <UniqueIdentifier>{67DA6AB6-F800-4c08-8B7A-83BB121AAD01}</UniqueIdentifier>
      <Extensions>rc;ico;cur;bmp;dlg;rc2;rct;bin;rgs;gif;jpg;jpeg;jpe;resx;tiff;tif;png;wav;mfcribbon-ms</Extensions>
    </Filter>
  </ItemGroup>
  <ItemGroup>
    <ClCompile Include="TaticaEficaz.cpp">
      <Filter>Source Files</Filter>
    </ClCompile>
    <ClCompile Include="pch.cpp">
      <Filter>Source Files</Filter>
    </ClCompile>
    <ClCompile Include="TaticaEficaz2.cpp">
      <Filter>Source Files</Filter>
    </ClCompile>
    <ClCompile Include="Conta.cpp">
      <Filter>Source Files</Filter>
    </ClCompile>
    <ClCompile Include="Banco.cpp">
      <Filter>Source Files</Filter>
    </ClCompile>
    <ClCompile Include="Equipamento.cpp">
      <Filter>Source Files</Filter>
    </ClCompile>
    <ClCompile Include="Motor.cpp">
      <Filter>Source Files</Filter>
    </ClCompile>
    <ClCompile Include="Array.cpp">
      <Filter>Source Files</Filter>
    </ClCompile>
    <ClCompile Include="Template2.cpp">
      <Filter>Source Files</Filter>
    </ClCompile>
    <ClCompile Include="Foo3.cpp">
      <Filter>Source Files</Filter>
    </ClCompile>
    <ClCompile Include="Template3.cpp">
      <Filter>Source Files</Filter>
    </ClCompile>
    <ClCompile Include="Template4.cpp">
      <Filter>Source Files</Filter>
    </ClCompile>
    <ClCompile Include="Template5.cpp">
      <Filter>Source Files</Filter>
    </ClCompile>
    <ClCompile Include="Template6.cpp">
      <Filter>Source Files</Filter>
    </ClCompile>
    <ClCompile Include="Template6B.cpp">
      <Filter>Source Files</Filter>
    </ClCompile>
    <ClCompile Include="Template7.cpp">
      <Filter>Source Files</Filter>
    </ClCompile>
    <ClCompile Include="Template8.cpp">
      <Filter>Source Files</Filter>
    </ClCompile>
    <ClCompile Include="Template9.cpp">
      <Filter>Source Files</Filter>
    </ClCompile>
    <ClCompile Include="Stl.cpp">
      <Filter>Source Files</Filter>
    </ClCompile>
    <ClCompile Include="mizhari.cpp">
      <Filter>Source Files</Filter>
    </ClCompile>
  </ItemGroup>
  <ItemGroup>
    <ClInclude Include="pch.h">
      <Filter>Header Files</Filter>
    </ClInclude>
    <ClInclude Include="TaticaEficaz2.h">
      <Filter>Header Files</Filter>
    </ClInclude>
    <ClInclude Include="Conta.h">
      <Filter>Header Files</Filter>
    </ClInclude>
    <ClInclude Include="Banco.h">
      <Filter>Header Files</Filter>
    </ClInclude>
    <ClInclude Include="Equipamento.h">
      <Filter>Header Files</Filter>
    </ClInclude>
    <ClInclude Include="Motor.h">
      <Filter>Header Files</Filter>
    </ClInclude>
    <ClInclude Include="Array.h">
      <Filter>Header Files</Filter>
    </ClInclude>
    <ClInclude Include="Template2.h">
      <Filter>Header Files</Filter>
    </ClInclude>
    <ClInclude Include="Foo3.h">
      <Filter>Header Files</Filter>
    </ClInclude>
    <ClInclude Include="Template3.h">
      <Filter>Header Files</Filter>
    </ClInclude>
    <ClInclude Include="Template4.h">
      <Filter>Header Files</Filter>
    </ClInclude>
    <ClInclude Include="Template5.h">
      <Filter>Header Files</Filter>
    </ClInclude>
    <ClInclude Include="Template6.h">
      <Filter>Header Files</Filter>
    </ClInclude>
    <ClInclude Include="Template6B.h">
      <Filter>Header Files</Filter>
    </ClInclude>
    <ClInclude Include="Template7.h">
      <Filter>Header Files</Filter>
    </ClInclude>
    <ClInclude Include="Template8.h">
      <Filter>Header Files</Filter>
    </ClInclude>
    <ClInclude Include="Template9.h">
      <Filter>Header Files</Filter>
    </ClInclude>
    <ClInclude Include="Stl.h">
      <Filter>Header Files</Filter>
    </ClInclude>
    <ClInclude Include="mizhari.h">
      <Filter>Header Files</Filter>
    </ClInclude>
  </ItemGroup>
</Project>